
Microsoft Visual Studio Solution File, Format Version 12.00
# Visual Studio Version 16
VisualStudioVersion = 16.0.30204.135
MinimumVisualStudioVersion = 10.0.40219.1
Project("{9A19103F-16F7-4668-BE54-9A1E7A4F7556}") = "Dissimilis.WebAPI", "Dissimilis.WebAPI\Dissimilis.WebAPI.csproj", "{2DE17CA6-9BF5-4534-A206-7C4B61539CAA}"
EndProject
Project("{2150E333-8FDC-42A3-9474-1A3956D46DE8}") = "Solution Items", "Solution Items", "{9EBE43EF-B2B9-48D6-9548-1DB0910B140E}"
	ProjectSection(SolutionItems) = preProject
		.editorconfig = .editorconfig
	EndProjectSection
EndProject
Project("{9A19103F-16F7-4668-BE54-9A1E7A4F7556}") = "Experis.Ciber.Authentication.Microsoft", "..\..\ExperisCiberDotNetLibrary\Experis.Ciber.Authentication.Microsoft\Experis.Ciber.Authentication.Microsoft.csproj", "{6FA469B0-FF79-4476-88EF-19340E778C77}"
EndProject
Project("{9A19103F-16F7-4668-BE54-9A1E7A4F7556}") = "Experis.Ciber.Web.API", "..\..\ExperisCiberDotNetLibrary\Experis.Ciber.Web.API\Experis.Ciber.Web.API.csproj", "{1B13CFE8-B99B-42A9-89C3-9C9CB03D97BE}"
EndProject
Project("{9A19103F-16F7-4668-BE54-9A1E7A4F7556}") = "Experis.Ciber.Configuration", "..\..\ExperisCiberDotNetLibrary\Experis.Ciber.Configuration\Experis.Ciber.Configuration.csproj", "{490DBAF4-5787-4C72-B6BF-259652933AFE}"
EndProject
Project("{9A19103F-16F7-4668-BE54-9A1E7A4F7556}") = "Experis.Ciber.Databasing", "..\..\ExperisCiberDotNetLibrary\Experis.Ciber.Databasing\Experis.Ciber.Databasing.csproj", "{6CAEC514-2661-4DC1-81A5-F675D67DFDCE}"
EndProject
Project("{9A19103F-16F7-4668-BE54-9A1E7A4F7556}") = "Experis.Ciber.Xml", "..\..\ExperisCiberDotNetLibrary\Experis.Ciber.Xml\Experis.Ciber.Xml.csproj", "{292C38FF-1A7A-4B55-A951-2A907B1B97C7}"
EndProject
Project("{9A19103F-16F7-4668-BE54-9A1E7A4F7556}") = "Experis.Ciber.Interfaces", "..\..\ExperisCiberDotNetLibrary\Experis.Ciber.Interfaces\Experis.Ciber.Interfaces.csproj", "{75944432-E0C3-4250-B8DC-B5E6D29C746B}"
EndProject
Project("{9A19103F-16F7-4668-BE54-9A1E7A4F7556}") = "Experis.Ciber.Security.Cryptography", "..\..\ExperisCiberDotNetLibrary\Experis.Ciber.Security.Cryptography\Experis.Ciber.Security.Cryptography.csproj", "{4AC72445-A436-4117-94AC-453D430BEB4E}"
EndProject
Project("{FAE04EC0-301F-11D3-BF4B-00C04F79EFBC}") = "Dissimilis.Configuration", "Dissimilis.Configuration\Dissimilis.Configuration.csproj", "{69735D7A-A13C-4584-B952-23B90644D443}"
EndProject
Global
	GlobalSection(SolutionConfigurationPlatforms) = preSolution
		Debug|Any CPU = Debug|Any CPU
		Release|Any CPU = Release|Any CPU
	EndGlobalSection
	GlobalSection(ProjectConfigurationPlatforms) = postSolution
		{2DE17CA6-9BF5-4534-A206-7C4B61539CAA}.Debug|Any CPU.ActiveCfg = Debug|Any CPU
		{2DE17CA6-9BF5-4534-A206-7C4B61539CAA}.Debug|Any CPU.Build.0 = Debug|Any CPU
		{2DE17CA6-9BF5-4534-A206-7C4B61539CAA}.Release|Any CPU.ActiveCfg = Release|Any CPU
		{2DE17CA6-9BF5-4534-A206-7C4B61539CAA}.Release|Any CPU.Build.0 = Release|Any CPU
		{6FA469B0-FF79-4476-88EF-19340E778C77}.Debug|Any CPU.ActiveCfg = Debug|Any CPU
		{6FA469B0-FF79-4476-88EF-19340E778C77}.Debug|Any CPU.Build.0 = Debug|Any CPU
		{6FA469B0-FF79-4476-88EF-19340E778C77}.Release|Any CPU.ActiveCfg = Release|Any CPU
		{6FA469B0-FF79-4476-88EF-19340E778C77}.Release|Any CPU.Build.0 = Release|Any CPU
		{1B13CFE8-B99B-42A9-89C3-9C9CB03D97BE}.Debug|Any CPU.ActiveCfg = Debug|Any CPU
		{1B13CFE8-B99B-42A9-89C3-9C9CB03D97BE}.Debug|Any CPU.Build.0 = Debug|Any CPU
		{1B13CFE8-B99B-42A9-89C3-9C9CB03D97BE}.Release|Any CPU.ActiveCfg = Release|Any CPU
		{1B13CFE8-B99B-42A9-89C3-9C9CB03D97BE}.Release|Any CPU.Build.0 = Release|Any CPU
		{490DBAF4-5787-4C72-B6BF-259652933AFE}.Debug|Any CPU.ActiveCfg = Debug|Any CPU
		{490DBAF4-5787-4C72-B6BF-259652933AFE}.Debug|Any CPU.Build.0 = Debug|Any CPU
		{490DBAF4-5787-4C72-B6BF-259652933AFE}.Release|Any CPU.ActiveCfg = Release|Any CPU
		{490DBAF4-5787-4C72-B6BF-259652933AFE}.Release|Any CPU.Build.0 = Release|Any CPU
		{6CAEC514-2661-4DC1-81A5-F675D67DFDCE}.Debug|Any CPU.ActiveCfg = Debug|Any CPU
		{6CAEC514-2661-4DC1-81A5-F675D67DFDCE}.Debug|Any CPU.Build.0 = Debug|Any CPU
		{6CAEC514-2661-4DC1-81A5-F675D67DFDCE}.Release|Any CPU.ActiveCfg = Release|Any CPU
		{6CAEC514-2661-4DC1-81A5-F675D67DFDCE}.Release|Any CPU.Build.0 = Release|Any CPU
		{292C38FF-1A7A-4B55-A951-2A907B1B97C7}.Debug|Any CPU.ActiveCfg = Debug|Any CPU
		{292C38FF-1A7A-4B55-A951-2A907B1B97C7}.Debug|Any CPU.Build.0 = Debug|Any CPU
		{292C38FF-1A7A-4B55-A951-2A907B1B97C7}.Release|Any CPU.ActiveCfg = Release|Any CPU
		{292C38FF-1A7A-4B55-A951-2A907B1B97C7}.Release|Any CPU.Build.0 = Release|Any CPU
		{75944432-E0C3-4250-B8DC-B5E6D29C746B}.Debug|Any CPU.ActiveCfg = Debug|Any CPU
		{75944432-E0C3-4250-B8DC-B5E6D29C746B}.Debug|Any CPU.Build.0 = Debug|Any CPU
		{75944432-E0C3-4250-B8DC-B5E6D29C746B}.Release|Any CPU.ActiveCfg = Release|Any CPU
		{75944432-E0C3-4250-B8DC-B5E6D29C746B}.Release|Any CPU.Build.0 = Release|Any CPU
		{4AC72445-A436-4117-94AC-453D430BEB4E}.Debug|Any CPU.ActiveCfg = Debug|Any CPU
		{4AC72445-A436-4117-94AC-453D430BEB4E}.Debug|Any CPU.Build.0 = Debug|Any CPU
		{4AC72445-A436-4117-94AC-453D430BEB4E}.Release|Any CPU.ActiveCfg = Release|Any CPU
		{4AC72445-A436-4117-94AC-453D430BEB4E}.Release|Any CPU.Build.0 = Release|Any CPU
		{69735D7A-A13C-4584-B952-23B90644D443}.Debug|Any CPU.ActiveCfg = Debug|Any CPU
		{69735D7A-A13C-4584-B952-23B90644D443}.Debug|Any CPU.Build.0 = Debug|Any CPU
		{69735D7A-A13C-4584-B952-23B90644D443}.Release|Any CPU.ActiveCfg = Release|Any CPU
		{69735D7A-A13C-4584-B952-23B90644D443}.Release|Any CPU.Build.0 = Release|Any CPU
	EndGlobalSection
	GlobalSection(SolutionProperties) = preSolution
		HideSolutionNode = FALSE
	EndGlobalSection
	GlobalSection(ExtensibilityGlobals) = postSolution
		SolutionGuid = {8786E2B4-697E-4755-8869-816E569571D7}
	EndGlobalSection
EndGlobal
