
Microsoft Visual Studio Solution File, Format Version 12.00
# Visual Studio Version 16
VisualStudioVersion = 16.0.30204.135
MinimumVisualStudioVersion = 10.0.40219.1
Project("{9A19103F-16F7-4668-BE54-9A1E7A4F7556}") = "Dissimilis.WebAPI", "Dissimilis.WebAPI\Dissimilis.WebAPI.csproj", "{2DE17CA6-9BF5-4534-A206-7C4B61539CAA}"
EndProject
Project("{2150E333-8FDC-42A3-9474-1A3956D46DE8}") = "Solution Items", "Solution Items", "{9EBE43EF-B2B9-48D6-9548-1DB0910B140E}"
	ProjectSection(SolutionItems) = preProject
		.editorconfig = .editorconfig
	EndProjectSection
EndProject
Project("{9A19103F-16F7-4668-BE54-9A1E7A4F7556}") = "Dissimilis.Configuration", "Dissimilis.Configuration\Dissimilis.Configuration.csproj", "{69735D7A-A13C-4584-B952-23B90644D443}"
EndProject
Project("{9A19103F-16F7-4668-BE54-9A1E7A4F7556}") = "Dissimilis.DbContext", "Dissimilis.DbContext\Dissimilis.DbContext.csproj", "{DEE68417-688A-4642-8FD0-22BCD149D17B}"
EndProject
Project("{9A19103F-16F7-4668-BE54-9A1E7A4F7556}") = "Dissimilis.Core", "Dissimilis.Core\Dissimilis.Core.csproj", "{411EB648-63FD-4F1E-910A-D7025BC9A0D2}"
EndProject
Project("{2150E333-8FDC-42A3-9474-1A3956D46DE8}") = "Tests", "Tests", "{26EB3E56-879E-4BD9-BE78-C513D25D128D}"
EndProject
Project("{9A19103F-16F7-4668-BE54-9A1E7A4F7556}") = "Dissimilis.WebAPI.xUnit", "Dissimilis.WebAPI.Tests\Dissimilis.WebAPI.xUnit.csproj", "{DEC0D065-9263-4DC2-BF7E-92DE03873A89}"
EndProject
Project("{2150E333-8FDC-42A3-9474-1A3956D46DE8}") = "Build", "Build", "{33100C0F-0727-4E7A-91BB-A3DD673DCD6D}"
	ProjectSection(SolutionItems) = preProject
		Dissimilis.WebApi.Build.yaml = Dissimilis.WebApi.Build.yaml
		nuget.config = nuget.config
	EndProjectSection
EndProject
Global
	GlobalSection(SolutionConfigurationPlatforms) = preSolution
		Debug|Any CPU = Debug|Any CPU
		Release|Any CPU = Release|Any CPU
	EndGlobalSection
	GlobalSection(ProjectConfigurationPlatforms) = postSolution
		{2DE17CA6-9BF5-4534-A206-7C4B61539CAA}.Debug|Any CPU.ActiveCfg = Debug|Any CPU
		{2DE17CA6-9BF5-4534-A206-7C4B61539CAA}.Debug|Any CPU.Build.0 = Debug|Any CPU
		{2DE17CA6-9BF5-4534-A206-7C4B61539CAA}.Release|Any CPU.ActiveCfg = Release|Any CPU
		{2DE17CA6-9BF5-4534-A206-7C4B61539CAA}.Release|Any CPU.Build.0 = Release|Any CPU
		{69735D7A-A13C-4584-B952-23B90644D443}.Debug|Any CPU.ActiveCfg = Debug|Any CPU
		{69735D7A-A13C-4584-B952-23B90644D443}.Debug|Any CPU.Build.0 = Debug|Any CPU
		{69735D7A-A13C-4584-B952-23B90644D443}.Release|Any CPU.ActiveCfg = Release|Any CPU
		{69735D7A-A13C-4584-B952-23B90644D443}.Release|Any CPU.Build.0 = Release|Any CPU
		{DEE68417-688A-4642-8FD0-22BCD149D17B}.Debug|Any CPU.ActiveCfg = Debug|Any CPU
		{DEE68417-688A-4642-8FD0-22BCD149D17B}.Debug|Any CPU.Build.0 = Debug|Any CPU
		{DEE68417-688A-4642-8FD0-22BCD149D17B}.Release|Any CPU.ActiveCfg = Release|Any CPU
		{DEE68417-688A-4642-8FD0-22BCD149D17B}.Release|Any CPU.Build.0 = Release|Any CPU
		{411EB648-63FD-4F1E-910A-D7025BC9A0D2}.Debug|Any CPU.ActiveCfg = Debug|Any CPU
		{411EB648-63FD-4F1E-910A-D7025BC9A0D2}.Debug|Any CPU.Build.0 = Debug|Any CPU
		{411EB648-63FD-4F1E-910A-D7025BC9A0D2}.Release|Any CPU.ActiveCfg = Release|Any CPU
		{411EB648-63FD-4F1E-910A-D7025BC9A0D2}.Release|Any CPU.Build.0 = Release|Any CPU
		{DEC0D065-9263-4DC2-BF7E-92DE03873A89}.Debug|Any CPU.ActiveCfg = Debug|Any CPU
		{DEC0D065-9263-4DC2-BF7E-92DE03873A89}.Debug|Any CPU.Build.0 = Debug|Any CPU
		{DEC0D065-9263-4DC2-BF7E-92DE03873A89}.Release|Any CPU.ActiveCfg = Release|Any CPU
		{DEC0D065-9263-4DC2-BF7E-92DE03873A89}.Release|Any CPU.Build.0 = Release|Any CPU
	EndGlobalSection
	GlobalSection(SolutionProperties) = preSolution
		HideSolutionNode = FALSE
	EndGlobalSection
	GlobalSection(NestedProjects) = preSolution
		{DEC0D065-9263-4DC2-BF7E-92DE03873A89} = {26EB3E56-879E-4BD9-BE78-C513D25D128D}
	EndGlobalSection
	GlobalSection(ExtensibilityGlobals) = postSolution
		SolutionGuid = {8786E2B4-697E-4755-8869-816E569571D7}
	EndGlobalSection
EndGlobal
